<Solution>
  <Project Path="src/Aion.Domain/Aion.Domain.csproj" />
  <Project Path="src/Aion.Infrastructure/Aion.Infrastructure.csproj" />
  <Project Path="src/Aion.AI/Aion.AI.csproj" />
  <Project Path="src/Aion.AI/Providers.OpenAI/Aion.AI.Providers.OpenAI.csproj" />
  <Project Path="src/Aion.AI/Providers.Mistral/Aion.AI.Providers.Mistral.csproj" />
  <Project Path="src/Aion.AppHost/Aion.AppHost.csproj">
    <Deploy Solution="Debug|*" />
  </Project>
  <Project Path="tests/Aion.Domain.Tests/Aion.Domain.Tests.csproj" />
  <Project Path="tests/Aion.Infrastructure.Tests/Aion.Infrastructure.Tests.csproj" />
  <Project Path="tests/Aion.AI.Tests/Aion.AI.Tests.csproj" />
  <Project Path="tests/Aion.Benchmarks/Aion.Benchmarks.csproj" />
  <Project Path="tests/Aion.Tests/Aion.Tests.csproj" />
  <Project Path="tests/Aion.AppHost.UI.Tests/Aion.AppHost.UI.Tests.csproj" />
</Solution>
